# This file was autogenerated by uv via the following command:
#    uv pip compile pyproject.toml --extra dev --extra setup --extra cuda --python-version 3.11 --python-platform x86_64-unknown-linux-gnu -o requirements-cuda.lock
annotated-doc==0.0.5
    # via fastapi
annotated-types==0.8.0
    # via pydantic
anyio==4.15.1
    # via
    #   httpx
    #   starlette
    #   watchfiles
av==18.1.0
    # via faster-whisper
certifi==2026.7.22
    # via
    #   httpcore
    #   httpx
click==8.5.0
    # via
    #   huggingface-hub
    #   uvicorn
ctranslate2==4.8.2
    # via faster-whisper
fastapi==0.141.1
    # via megan-meeting-intelligence (pyproject.toml)
faster-whisper==1.2.1
    # via megan-meeting-intelligence (pyproject.toml)
filelock==3.32.6
    # via huggingface-hub
flatbuffers==25.12.19
    # via onnxruntime
fsspec==2026.7.0
    # via huggingface-hub
h11==0.16.0
    # via
    #   httpcore
    #   uvicorn
hf-xet==1.6.0
    # via huggingface-hub
httpcore==1.0.9
    # via httpx
httptools==0.8.0
    # via uvicorn
httpx==0.28.1
    # via
    #   megan-meeting-intelligence (pyproject.toml)
    #   huggingface-hub
    #   respx
huggingface-hub==1.31.0
    # via
    #   megan-meeting-intelligence (pyproject.toml)
    #   faster-whisper
    #   tokenizers
idna==3.19
    # via
    #   anyio
    #   httpx
iniconfig==2.3.0
    # via pytest
numpy==2.4.6
    # via
    #   ctranslate2
    #   onnxruntime
nvidia-cublas-cu12==12.9.2.10
    # via
    #   megan-meeting-intelligence (pyproject.toml)
    #   nvidia-cudnn-cu12
nvidia-cuda-nvrtc-cu12==12.9.86
    # via nvidia-cublas-cu12
nvidia-cudnn-cu12==9.26.0.51
    # via megan-meeting-intelligence (pyproject.toml)
onnxruntime==1.30.0
    # via faster-whisper
packaging==26.3
    # via
    #   huggingface-hub
    #   onnxruntime
    #   pytest
pluggy==1.6.0
    # via pytest
protobuf==7.36.1
    # via onnxruntime
psycopg==3.3.5
    # via megan-meeting-intelligence (pyproject.toml)
psycopg-binary==3.3.5
    # via psycopg
psycopg-pool==3.3.1
    # via psycopg
pydantic==2.13.5
    # via
    #   megan-meeting-intelligence (pyproject.toml)
    #   fastapi
    #   pydantic-settings
pydantic-core==2.46.5
    # via pydantic
pydantic-settings==2.15.0
    # via megan-meeting-intelligence (pyproject.toml)
pygments==2.21.0
    # via pytest
pytest==9.1.1
    # via
    #   megan-meeting-intelligence (pyproject.toml)
    #   pytest-asyncio
pytest-asyncio==1.4.0
    # via megan-meeting-intelligence (pyproject.toml)
python-dotenv==1.2.3
    # via
    #   pydantic-settings
    #   uvicorn
python-multipart==0.0.32
    # via megan-meeting-intelligence (pyproject.toml)
pyyaml==6.0.3
    # via
    #   ctranslate2
    #   huggingface-hub
    #   uvicorn
respx==0.23.1
    # via megan-meeting-intelligence (pyproject.toml)
ruff==0.16.7
    # via megan-meeting-intelligence (pyproject.toml)
starlette==1.6.0
    # via fastapi
tokenizers==0.23.2
    # via
    #   megan-meeting-intelligence (pyproject.toml)
    #   faster-whisper
tqdm==4.70.0
    # via
    #   faster-whisper
    #   huggingface-hub
typing-extensions==4.16.0
    # via
    #   anyio
    #   fastapi
    #   huggingface-hub
    #   psycopg
    #   psycopg-pool
    #   pydantic
    #   pydantic-core
    #   pytest-asyncio
    #   starlette
    #   typing-inspection
typing-inspection==0.4.4
    # via
    #   fastapi
    #   pydantic
    #   pydantic-settings
uvicorn==0.52.4
    # via megan-meeting-intelligence (pyproject.toml)
uvloop==0.22.1
    # via uvicorn
watchfiles==1.2.0
    # via uvicorn
websockets==17.1
    # via uvicorn
